// !$*UTF8*$!
{
	archiveVersion = 1;
	classes = {
	};
	objectVersion = 56;
	objects = {

/* Begin PBXBuildFile section */
		3027C9402C5A35920078B585 /* AffirmationsTestWorkApp.swift in Sources */ = {isa = PBXBuildFile; fileRef = 3027C93F2C5A35920078B585 /* AffirmationsTestWorkApp.swift */; };
		3027C9422C5A35920078B585 /* ContentView.swift in Sources */ = {isa = PBXBuildFile; fileRef = 3027C9412C5A35920078B585 /* ContentView.swift */; };
		3027C9442C5A35930078B585 /* Assets.xcassets in Resources */ = {isa = PBXBuildFile; fileRef = 3027C9432C5A35930078B585 /* Assets.xcassets */; };
		3027C9472C5A35930078B585 /* Preview Assets.xcassets in Resources */ = {isa = PBXBuildFile; fileRef = 3027C9462C5A35930078B585 /* Preview Assets.xcassets */; };
		3027C9502C5A36620078B585 /* StartView.swift in Sources */ = {isa = PBXBuildFile; fileRef = 3027C94F2C5A36620078B585 /* StartView.swift */; };
		3027C9552C5A38520078B585 /* MainButtonView.swift in Sources */ = {isa = PBXBuildFile; fileRef = 3027C9542C5A38520078B585 /* MainButtonView.swift */; };
		3027C9572C5A3A580078B585 /* StartViewModel.swift in Sources */ = {isa = PBXBuildFile; fileRef = 3027C9562C5A3A580078B585 /* StartViewModel.swift */; };
		3027C95C2C5A3B860078B585 /* StartTextView.swift in Sources */ = {isa = PBXBuildFile; fileRef = 3027C95B2C5A3B860078B585 /* StartTextView.swift */; };
		3027C95E2C5A3C310078B585 /* GenderSelectionView.swift in Sources */ = {isa = PBXBuildFile; fileRef = 3027C95D2C5A3C310078B585 /* GenderSelectionView.swift */; };
		3027C9602C5A3C9E0078B585 /* SelectionButtonView.swift in Sources */ = {isa = PBXBuildFile; fileRef = 3027C95F2C5A3C9E0078B585 /* SelectionButtonView.swift */; };
		3027C9622C5A42E10078B585 /* AgeSelectionView.swift in Sources */ = {isa = PBXBuildFile; fileRef = 3027C9612C5A42E10078B585 /* AgeSelectionView.swift */; };
		3027C9642C5A43F00078B585 /* AreaSelectionView.swift in Sources */ = {isa = PBXBuildFile; fileRef = 3027C9632C5A43F00078B585 /* AreaSelectionView.swift */; };
		3027C9662C5A4C1B0078B585 /* DailyMotivationView.swift in Sources */ = {isa = PBXBuildFile; fileRef = 3027C9652C5A4C1B0078B585 /* DailyMotivationView.swift */; };
		3027C9692C5A60520078B585 /* mainAppView.swift in Sources */ = {isa = PBXBuildFile; fileRef = 3027C9682C5A60520078B585 /* mainAppView.swift */; };
		3027C96B2C5A61080078B585 /* AffirmationsView.swift in Sources */ = {isa = PBXBuildFile; fileRef = 3027C96A2C5A61080078B585 /* AffirmationsView.swift */; };
		3027C96D2C5A611D0078B585 /* CategoriesView.swift in Sources */ = {isa = PBXBuildFile; fileRef = 3027C96C2C5A611D0078B585 /* CategoriesView.swift */; };
		3027C96F2C5A61300078B585 /* ThemesView.swift in Sources */ = {isa = PBXBuildFile; fileRef = 3027C96E2C5A61300078B585 /* ThemesView.swift */; };
		3027C9712C5A613E0078B585 /* SettingsView.swift in Sources */ = {isa = PBXBuildFile; fileRef = 3027C9702C5A613E0078B585 /* SettingsView.swift */; };
		3027C9732C5A621B0078B585 /* MainAppViewModel.swift in Sources */ = {isa = PBXBuildFile; fileRef = 3027C9722C5A621B0078B585 /* MainAppViewModel.swift */; };
		3027C9752C5A69010078B585 /* ThemesListView.swift in Sources */ = {isa = PBXBuildFile; fileRef = 3027C9742C5A69010078B585 /* ThemesListView.swift */; };
		3027C9782C5A6A920078B585 /* ThemeCellView.swift in Sources */ = {isa = PBXBuildFile; fileRef = 3027C9772C5A6A920078B585 /* ThemeCellView.swift */; };
		3027C97A2C5AA0140078B585 /* CategoriesListView.swift in Sources */ = {isa = PBXBuildFile; fileRef = 3027C9792C5AA0140078B585 /* CategoriesListView.swift */; };
		3027C97C2C5AA2700078B585 /* CategoriesCellView.swift in Sources */ = {isa = PBXBuildFile; fileRef = 3027C97B2C5AA2700078B585 /* CategoriesCellView.swift */; };
		3027C97F2C5B68320078B585 /* RemindersView.swift in Sources */ = {isa = PBXBuildFile; fileRef = 3027C97E2C5B68320078B585 /* RemindersView.swift */; };
		3027C9812C5B68670078B585 /* SettingsViewModel.swift in Sources */ = {isa = PBXBuildFile; fileRef = 3027C9802C5B68670078B585 /* SettingsViewModel.swift */; };
		3027C9852C5B6C870078B585 /* WidgetView.swift in Sources */ = {isa = PBXBuildFile; fileRef = 3027C9842C5B6C870078B585 /* WidgetView.swift */; };
		3027C9872C5B76A80078B585 /* AppearanceView.swift in Sources */ = {isa = PBXBuildFile; fileRef = 3027C9862C5B76A80078B585 /* AppearanceView.swift */; };
/* End PBXBuildFile section */

/* Begin PBXFileReference section */
		3027C93C2C5A35920078B585 /* AffirmationsTestWork.app */ = {isa = PBXFileReference; explicitFileType = wrapper.application; includeInIndex = 0; path = AffirmationsTestWork.app; sourceTree = BUILT_PRODUCTS_DIR; };
		3027C93F2C5A35920078B585 /* AffirmationsTestWorkApp.swift */ = {isa = PBXFileReference; lastKnownFileType = sourcecode.swift; path = AffirmationsTestWorkApp.swift; sourceTree = "<group>"; };
		3027C9412C5A35920078B585 /* ContentView.swift */ = {isa = PBXFileReference; lastKnownFileType = sourcecode.swift; path = ContentView.swift; sourceTree = "<group>"; };
		3027C9432C5A35930078B585 /* Assets.xcassets */ = {isa = PBXFileReference; lastKnownFileType = folder.assetcatalog; path = Assets.xcassets; sourceTree = "<group>"; };
		3027C9462C5A35930078B585 /* Preview Assets.xcassets */ = {isa = PBXFileReference; lastKnownFileType = folder.assetcatalog; path = "Preview Assets.xcassets"; sourceTree = "<group>"; };
		3027C94F2C5A36620078B585 /* StartView.swift */ = {isa = PBXFileReference; lastKnownFileType = sourcecode.swift; path = StartView.swift; sourceTree = "<group>"; };
		3027C9542C5A38520078B585 /* MainButtonView.swift */ = {isa = PBXFileReference; lastKnownFileType = sourcecode.swift; path = MainButtonView.swift; sourceTree = "<group>"; };
		3027C9562C5A3A580078B585 /* StartViewModel.swift */ = {isa = PBXFileReference; lastKnownFileType = sourcecode.swift; path = StartViewModel.swift; sourceTree = "<group>"; };
		3027C95B2C5A3B860078B585 /* StartTextView.swift */ = {isa = PBXFileReference; lastKnownFileType = sourcecode.swift; path = StartTextView.swift; sourceTree = "<group>"; };
		3027C95D2C5A3C310078B585 /* GenderSelectionView.swift */ = {isa = PBXFileReference; lastKnownFileType = sourcecode.swift; path = GenderSelectionView.swift; sourceTree = "<group>"; };
		3027C95F2C5A3C9E0078B585 /* SelectionButtonView.swift */ = {isa = PBXFileReference; lastKnownFileType = sourcecode.swift; path = SelectionButtonView.swift; sourceTree = "<group>"; };
		3027C9612C5A42E10078B585 /* AgeSelectionView.swift */ = {isa = PBXFileReference; lastKnownFileType = sourcecode.swift; path = AgeSelectionView.swift; sourceTree = "<group>"; };
		3027C9632C5A43F00078B585 /* AreaSelectionView.swift */ = {isa = PBXFileReference; lastKnownFileType = sourcecode.swift; path = AreaSelectionView.swift; sourceTree = "<group>"; };
		3027C9652C5A4C1B0078B585 /* DailyMotivationView.swift */ = {isa = PBXFileReference; lastKnownFileType = sourcecode.swift; path = DailyMotivationView.swift; sourceTree = "<group>"; };
		3027C9682C5A60520078B585 /* mainAppView.swift */ = {isa = PBXFileReference; lastKnownFileType = sourcecode.swift; path = mainAppView.swift; sourceTree = "<group>"; };
		3027C96A2C5A61080078B585 /* AffirmationsView.swift */ = {isa = PBXFileReference; lastKnownFileType = sourcecode.swift; path = AffirmationsView.swift; sourceTree = "<group>"; };
		3027C96C2C5A611D0078B585 /* CategoriesView.swift */ = {isa = PBXFileReference; lastKnownFileType = sourcecode.swift; path = CategoriesView.swift; sourceTree = "<group>"; };
		3027C96E2C5A61300078B585 /* ThemesView.swift */ = {isa = PBXFileReference; lastKnownFileType = sourcecode.swift; path = ThemesView.swift; sourceTree = "<group>"; };
		3027C9702C5A613E0078B585 /* SettingsView.swift */ = {isa = PBXFileReference; lastKnownFileType = sourcecode.swift; path = SettingsView.swift; sourceTree = "<group>"; };
		3027C9722C5A621B0078B585 /* MainAppViewModel.swift */ = {isa = PBXFileReference; lastKnownFileType = sourcecode.swift; path = MainAppViewModel.swift; sourceTree = "<group>"; };
		3027C9742C5A69010078B585 /* ThemesListView.swift */ = {isa = PBXFileReference; fileEncoding = 4; lastKnownFileType = sourcecode.swift; path = ThemesListView.swift; sourceTree = "<group>"; };
		3027C9772C5A6A920078B585 /* ThemeCellView.swift */ = {isa = PBXFileReference; lastKnownFileType = sourcecode.swift; path = ThemeCellView.swift; sourceTree = "<group>"; };
		3027C9792C5AA0140078B585 /* CategoriesListView.swift */ = {isa = PBXFileReference; lastKnownFileType = sourcecode.swift; path = CategoriesListView.swift; sourceTree = "<group>"; };
		3027C97B2C5AA2700078B585 /* CategoriesCellView.swift */ = {isa = PBXFileReference; lastKnownFileType = sourcecode.swift; path = CategoriesCellView.swift; sourceTree = "<group>"; };
		3027C97E2C5B68320078B585 /* RemindersView.swift */ = {isa = PBXFileReference; lastKnownFileType = sourcecode.swift; path = RemindersView.swift; sourceTree = "<group>"; };
		3027C9802C5B68670078B585 /* SettingsViewModel.swift */ = {isa = PBXFileReference; lastKnownFileType = sourcecode.swift; path = SettingsViewModel.swift; sourceTree = "<group>"; };
		3027C9842C5B6C870078B585 /* WidgetView.swift */ = {isa = PBXFileReference; lastKnownFileType = sourcecode.swift; path = WidgetView.swift; sourceTree = "<group>"; };
		3027C9862C5B76A80078B585 /* AppearanceView.swift */ = {isa = PBXFileReference; lastKnownFileType = sourcecode.swift; path = AppearanceView.swift; sourceTree = "<group>"; };
/* End PBXFileReference section */

/* Begin PBXFrameworksBuildPhase section */
		3027C9392C5A35920078B585 /* Frameworks */ = {
			isa = PBXFrameworksBuildPhase;
			buildActionMask = 2147483647;
			files = (
			);
			runOnlyForDeploymentPostprocessing = 0;
		};
/* End PBXFrameworksBuildPhase section */

/* Begin PBXGroup section */
		3027C9332C5A35920078B585 = {
			isa = PBXGroup;
			children = (
				3027C93E2C5A35920078B585 /* AffirmationsTestWork */,
				3027C93D2C5A35920078B585 /* Products */,
			);
			sourceTree = "<group>";
		};
		3027C93D2C5A35920078B585 /* Products */ = {
			isa = PBXGroup;
			children = (
				3027C93C2C5A35920078B585 /* AffirmationsTestWork.app */,
			);
			name = Products;
			sourceTree = "<group>";
		};
		3027C93E2C5A35920078B585 /* AffirmationsTestWork */ = {
			isa = PBXGroup;
			children = (
				3027C9762C5A6A750078B585 /* Cells */,
				3027C9582C5A3A5D0078B585 /* ViewModel */,
				3027C9512C5A36CB0078B585 /* Helpers */,
				3027C94D2C5A35A60078B585 /* Views */,
				3027C93F2C5A35920078B585 /* AffirmationsTestWorkApp.swift */,
				3027C9412C5A35920078B585 /* ContentView.swift */,
				3027C9432C5A35930078B585 /* Assets.xcassets */,
				3027C9452C5A35930078B585 /* Preview Content */,
			);
			path = AffirmationsTestWork;
			sourceTree = "<group>";
		};
		3027C9452C5A35930078B585 /* Preview Content */ = {
			isa = PBXGroup;
			children = (
				3027C9462C5A35930078B585 /* Preview Assets.xcassets */,
			);
			path = "Preview Content";
			sourceTree = "<group>";
		};
		3027C94D2C5A35A60078B585 /* Views */ = {
			isa = PBXGroup;
			children = (
				3027C97D2C5B68180078B585 /* Settings */,
				3027C9672C5A60220078B585 /* mainApp */,
				3027C94E2C5A35B60078B585 /* Start */,
			);
			path = Views;
			sourceTree = "<group>";
		};
		3027C94E2C5A35B60078B585 /* Start */ = {
			isa = PBXGroup;
			children = (
				3027C94F2C5A36620078B585 /* StartView.swift */,
				3027C95B2C5A3B860078B585 /* StartTextView.swift */,
				3027C95D2C5A3C310078B585 /* GenderSelectionView.swift */,
				3027C9612C5A42E10078B585 /* AgeSelectionView.swift */,
				3027C9632C5A43F00078B585 /* AreaSelectionView.swift */,
				3027C9652C5A4C1B0078B585 /* DailyMotivationView.swift */,
			);
			path = Start;
			sourceTree = "<group>";
		};
		3027C9512C5A36CB0078B585 /* Helpers */ = {
			isa = PBXGroup;
			children = (
				3027C9742C5A69010078B585 /* ThemesListView.swift */,
				3027C9542C5A38520078B585 /* MainButtonView.swift */,
				3027C95F2C5A3C9E0078B585 /* SelectionButtonView.swift */,
				3027C9792C5AA0140078B585 /* CategoriesListView.swift */,
			);
			path = Helpers;
			sourceTree = "<group>";
		};
		3027C9582C5A3A5D0078B585 /* ViewModel */ = {
			isa = PBXGroup;
			children = (
				3027C9562C5A3A580078B585 /* StartViewModel.swift */,
				3027C9722C5A621B0078B585 /* MainAppViewModel.swift */,
				3027C9802C5B68670078B585 /* SettingsViewModel.swift */,
			);
			path = ViewModel;
			sourceTree = "<group>";
		};
		3027C9672C5A60220078B585 /* mainApp */ = {
			isa = PBXGroup;
			children = (
				3027C9682C5A60520078B585 /* mainAppView.swift */,
				3027C96A2C5A61080078B585 /* AffirmationsView.swift */,
				3027C96C2C5A611D0078B585 /* CategoriesView.swift */,
				3027C96E2C5A61300078B585 /* ThemesView.swift */,
			);
			path = mainApp;
			sourceTree = "<group>";
		};
		3027C9762C5A6A750078B585 /* Cells */ = {
			isa = PBXGroup;
			children = (
				3027C9772C5A6A920078B585 /* ThemeCellView.swift */,
				3027C97B2C5AA2700078B585 /* CategoriesCellView.swift */,
			);
			path = Cells;
			sourceTree = "<group>";
		};
		3027C97D2C5B68180078B585 /* Settings */ = {
			isa = PBXGroup;
			children = (
				3027C9702C5A613E0078B585 /* SettingsView.swift */,
				3027C97E2C5B68320078B585 /* RemindersView.swift */,
				3027C9842C5B6C870078B585 /* WidgetView.swift */,
				3027C9862C5B76A80078B585 /* AppearanceView.swift */,
			);
			path = Settings;
			sourceTree = "<group>";
		};
/* End PBXGroup section */

/* Begin PBXNativeTarget section */
		3027C93B2C5A35920078B585 /* AffirmationsTestWork */ = {
			isa = PBXNativeTarget;
			buildConfigurationList = 3027C94A2C5A35930078B585 /* Build configuration list for PBXNativeTarget "AffirmationsTestWork" */;
			buildPhases = (
				3027C9382C5A35920078B585 /* Sources */,
				3027C9392C5A35920078B585 /* Frameworks */,
				3027C93A2C5A35920078B585 /* Resources */,
			);
			buildRules = (
			);
			dependencies = (
			);
			name = AffirmationsTestWork;
			productName = AffirmationsTestWork;
			productReference = 3027C93C2C5A35920078B585 /* AffirmationsTestWork.app */;
			productType = "com.apple.product-type.application";
		};
/* End PBXNativeTarget section */

/* Begin PBXProject section */
		3027C9342C5A35920078B585 /* Project object */ = {
			isa = PBXProject;
			attributes = {
				BuildIndependentTargetsInParallel = 1;
				LastSwiftUpdateCheck = 1530;
				LastUpgradeCheck = 1530;
				TargetAttributes = {
					3027C93B2C5A35920078B585 = {
						CreatedOnToolsVersion = 15.3;
					};
				};
			};
			buildConfigurationList = 3027C9372C5A35920078B585 /* Build configuration list for PBXProject "AffirmationsTestWork" */;
			compatibilityVersion = "Xcode 14.0";
			developmentRegion = en;
			hasScannedForEncodings = 0;
			knownRegions = (
				en,
				Base,
			);
			mainGroup = 3027C9332C5A35920078B585;
			productRefGroup = 3027C93D2C5A35920078B585 /* Products */;
			projectDirPath = "";
			projectRoot = "";
			targets = (
				3027C93B2C5A35920078B585 /* AffirmationsTestWork */,
			);
		};
/* End PBXProject section */

/* Begin PBXResourcesBuildPhase section */
		3027C93A2C5A35920078B585 /* Resources */ = {
			isa = PBXResourcesBuildPhase;
			buildActionMask = 2147483647;
			files = (
				3027C9472C5A35930078B585 /* Preview Assets.xcassets in Resources */,
				3027C9442C5A35930078B585 /* Assets.xcassets in Resources */,
			);
			runOnlyForDeploymentPostprocessing = 0;
		};
/* End PBXResourcesBuildPhase section */

/* Begin PBXSourcesBuildPhase section */
		3027C9382C5A35920078B585 /* Sources */ = {
			isa = PBXSourcesBuildPhase;
			buildActionMask = 2147483647;
			files = (
				3027C9572C5A3A580078B585 /* StartViewModel.swift in Sources */,
				3027C9812C5B68670078B585 /* SettingsViewModel.swift in Sources */,
				3027C9502C5A36620078B585 /* StartView.swift in Sources */,
				3027C9752C5A69010078B585 /* ThemesListView.swift in Sources */,
				3027C95E2C5A3C310078B585 /* GenderSelectionView.swift in Sources */,
				3027C97A2C5AA0140078B585 /* CategoriesListView.swift in Sources */,
				3027C9422C5A35920078B585 /* ContentView.swift in Sources */,
				3027C9662C5A4C1B0078B585 /* DailyMotivationView.swift in Sources */,
				3027C9692C5A60520078B585 /* mainAppView.swift in Sources */,
				3027C97F2C5B68320078B585 /* RemindersView.swift in Sources */,
				3027C9642C5A43F00078B585 /* AreaSelectionView.swift in Sources */,
				3027C9402C5A35920078B585 /* AffirmationsTestWorkApp.swift in Sources */,
				3027C9732C5A621B0078B585 /* MainAppViewModel.swift in Sources */,
				3027C96D2C5A611D0078B585 /* CategoriesView.swift in Sources */,
				3027C9712C5A613E0078B585 /* SettingsView.swift in Sources */,
				3027C97C2C5AA2700078B585 /* CategoriesCellView.swift in Sources */,
				3027C9852C5B6C870078B585 /* WidgetView.swift in Sources */,
				3027C9602C5A3C9E0078B585 /* SelectionButtonView.swift in Sources */,
				3027C96F2C5A61300078B585 /* ThemesView.swift in Sources */,
				3027C9872C5B76A80078B585 /* AppearanceView.swift in Sources */,
				3027C95C2C5A3B860078B585 /* StartTextView.swift in Sources */,
				3027C9782C5A6A920078B585 /* ThemeCellView.swift in Sources */,
				3027C96B2C5A61080078B585 /* AffirmationsView.swift in Sources */,
				3027C9552C5A38520078B585 /* MainButtonView.swift in Sources */,
				3027C9622C5A42E10078B585 /* AgeSelectionView.swift in Sources */,
			);
			runOnlyForDeploymentPostprocessing = 0;
		};
/* End PBXSourcesBuildPhase section */

/* Begin XCBuildConfiguration section */
		3027C9482C5A35930078B585 /* Debug */ = {
			isa = XCBuildConfiguration;
			buildSettings = {
				ALWAYS_SEARCH_USER_PATHS = NO;
				ASSETCATALOG_COMPILER_GENERATE_SWIFT_ASSET_SYMBOL_EXTENSIONS = YES;
				CLANG_ANALYZER_NONNULL = YES;
				CLANG_ANALYZER_NUMBER_OBJECT_CONVERSION = YES_AGGRESSIVE;
				CLANG_CXX_LANGUAGE_STANDARD = "gnu++20";
				CLANG_ENABLE_MODULES = YES;
				CLANG_ENABLE_OBJC_ARC = YES;
				CLANG_ENABLE_OBJC_WEAK = YES;
				CLANG_WARN_BLOCK_CAPTURE_AUTORELEASING = YES;
				CLANG_WARN_BOOL_CONVERSION = YES;
				CLANG_WARN_COMMA = YES;
				CLANG_WARN_CONSTANT_CONVERSION = YES;
				CLANG_WARN_DEPRECATED_OBJC_IMPLEMENTATIONS = YES;
				CLANG_WARN_DIRECT_OBJC_ISA_USAGE = YES_ERROR;
				CLANG_WARN_DOCUMENTATION_COMMENTS = YES;
				CLANG_WARN_EMPTY_BODY = YES;
				CLANG_WARN_ENUM_CONVERSION = YES;
				CLANG_WARN_INFINITE_RECURSION = YES;
				CLANG_WARN_INT_CONVERSION = YES;
				CLANG_WARN_NON_LITERAL_NULL_CONVERSION = YES;
				CLANG_WARN_OBJC_IMPLICIT_RETAIN_SELF = YES;
				CLANG_WARN_OBJC_LITERAL_CONVERSION = YES;
				CLANG_WARN_OBJC_ROOT_CLASS = YES_ERROR;
				CLANG_WARN_QUOTED_INCLUDE_IN_FRAMEWORK_HEADER = YES;
				CLANG_WARN_RANGE_LOOP_ANALYSIS = YES;
				CLANG_WARN_STRICT_PROTOTYPES = YES;
				CLANG_WARN_SUSPICIOUS_MOVE = YES;
				CLANG_WARN_UNGUARDED_AVAILABILITY = YES_AGGRESSIVE;
				CLANG_WARN_UNREACHABLE_CODE = YES;
				CLANG_WARN__DUPLICATE_METHOD_MATCH = YES;
				COPY_PHASE_STRIP = NO;
				DEBUG_INFORMATION_FORMAT = dwarf;
				ENABLE_STRICT_OBJC_MSGSEND = YES;
				ENABLE_TESTABILITY = YES;
				ENABLE_USER_SCRIPT_SANDBOXING = YES;
				GCC_C_LANGUAGE_STANDARD = gnu17;
				GCC_DYNAMIC_NO_PIC = NO;
				GCC_NO_COMMON_BLOCKS = YES;
				GCC_OPTIMIZATION_LEVEL = 0;
				GCC_PREPROCESSOR_DEFINITIONS = (
					"DEBUG=1",
					"$(inherited)",
				);
				GCC_WARN_64_TO_32_BIT_CONVERSION = YES;
				GCC_WARN_ABOUT_RETURN_TYPE = YES_ERROR;
				GCC_WARN_UNDECLARED_SELECTOR = YES;
				GCC_WARN_UNINITIALIZED_AUTOS = YES_AGGRESSIVE;
				GCC_WARN_UNUSED_FUNCTION = YES;
				GCC_WARN_UNUSED_VARIABLE = YES;
				IPHONEOS_DEPLOYMENT_TARGET = 17.4;
				LOCALIZATION_PREFERS_STRING_CATALOGS = YES;
				MTL_ENABLE_DEBUG_INFO = INCLUDE_SOURCE;
				MTL_FAST_MATH = YES;
				ONLY_ACTIVE_ARCH = YES;
				SDKROOT = iphoneos;
				SWIFT_ACTIVE_COMPILATION_CONDITIONS = "DEBUG $(inherited)";
				SWIFT_OPTIMIZATION_LEVEL = "-Onone";
			};
			name = Debug;
		};
		3027C9492C5A35930078B585 /* Release */ = {
			isa = XCBuildConfiguration;
			buildSettings = {
				ALWAYS_SEARCH_USER_PATHS = NO;
				ASSETCATALOG_COMPILER_GENERATE_SWIFT_ASSET_SYMBOL_EXTENSIONS = YES;
				CLANG_ANALYZER_NONNULL = YES;
				CLANG_ANALYZER_NUMBER_OBJECT_CONVERSION = YES_AGGRESSIVE;
				CLANG_CXX_LANGUAGE_STANDARD = "gnu++20";
				CLANG_ENABLE_MODULES = YES;
				CLANG_ENABLE_OBJC_ARC = YES;
				CLANG_ENABLE_OBJC_WEAK = YES;
				CLANG_WARN_BLOCK_CAPTURE_AUTORELEASING = YES;
				CLANG_WARN_BOOL_CONVERSION = YES;
				CLANG_WARN_COMMA = YES;
				CLANG_WARN_CONSTANT_CONVERSION = YES;
				CLANG_WARN_DEPRECATED_OBJC_IMPLEMENTATIONS = YES;
				CLANG_WARN_DIRECT_OBJC_ISA_USAGE = YES_ERROR;
				CLANG_WARN_DOCUMENTATION_COMMENTS = YES;
				CLANG_WARN_EMPTY_BODY = YES;
				CLANG_WARN_ENUM_CONVERSION = YES;
				CLANG_WARN_INFINITE_RECURSION = YES;
				CLANG_WARN_INT_CONVERSION = YES;
				CLANG_WARN_NON_LITERAL_NULL_CONVERSION = YES;
				CLANG_WARN_OBJC_IMPLICIT_RETAIN_SELF = YES;
				CLANG_WARN_OBJC_LITERAL_CONVERSION = YES;
				CLANG_WARN_OBJC_ROOT_CLASS = YES_ERROR;
				CLANG_WARN_QUOTED_INCLUDE_IN_FRAMEWORK_HEADER = YES;
				CLANG_WARN_RANGE_LOOP_ANALYSIS = YES;
				CLANG_WARN_STRICT_PROTOTYPES = YES;
				CLANG_WARN_SUSPICIOUS_MOVE = YES;
				CLANG_WARN_UNGUARDED_AVAILABILITY = YES_AGGRESSIVE;
				CLANG_WARN_UNREACHABLE_CODE = YES;
				CLANG_WARN__DUPLICATE_METHOD_MATCH = YES;
				COPY_PHASE_STRIP = NO;
				DEBUG_INFORMATION_FORMAT = "dwarf-with-dsym";
				ENABLE_NS_ASSERTIONS = NO;
				ENABLE_STRICT_OBJC_MSGSEND = YES;
				ENABLE_USER_SCRIPT_SANDBOXING = YES;
				GCC_C_LANGUAGE_STANDARD = gnu17;
				GCC_NO_COMMON_BLOCKS = YES;
				GCC_WARN_64_TO_32_BIT_CONVERSION = YES;
				GCC_WARN_ABOUT_RETURN_TYPE = YES_ERROR;
				GCC_WARN_UNDECLARED_SELECTOR = YES;
				GCC_WARN_UNINITIALIZED_AUTOS = YES_AGGRESSIVE;
				GCC_WARN_UNUSED_FUNCTION = YES;
				GCC_WARN_UNUSED_VARIABLE = YES;
				IPHONEOS_DEPLOYMENT_TARGET = 17.4;
				LOCALIZATION_PREFERS_STRING_CATALOGS = YES;
				MTL_ENABLE_DEBUG_INFO = NO;
				MTL_FAST_MATH = YES;
				SDKROOT = iphoneos;
				SWIFT_COMPILATION_MODE = wholemodule;
				VALIDATE_PRODUCT = YES;
			};
			name = Release;
		};
		3027C94B2C5A35930078B585 /* Debug */ = {
			isa = XCBuildConfiguration;
			buildSettings = {
				ASSETCATALOG_COMPILER_APPICON_NAME = AppIcon;
				ASSETCATALOG_COMPILER_GLOBAL_ACCENT_COLOR_NAME = AccentColor;
				CODE_SIGN_STYLE = Automatic;
				CURRENT_PROJECT_VERSION = 1;
				DEVELOPMENT_ASSET_PATHS = "\"AffirmationsTestWork/Preview Content\"";
				DEVELOPMENT_TEAM = AR6AN34RS9;
				ENABLE_PREVIEWS = YES;
				GENERATE_INFOPLIST_FILE = YES;
				INFOPLIST_KEY_UIApplicationSceneManifest_Generation = YES;
				INFOPLIST_KEY_UIApplicationSupportsIndirectInputEvents = YES;
				INFOPLIST_KEY_UILaunchScreen_Generation = YES;
				INFOPLIST_KEY_UISupportedInterfaceOrientations = UIInterfaceOrientationPortrait;
				INFOPLIST_KEY_UISupportedInterfaceOrientations_iPad = "UIInterfaceOrientationLandscapeLeft UIInterfaceOrientationLandscapeRight UIInterfaceOrientationPortrait UIInterfaceOrientationPortraitUpsideDown";
				IPHONEOS_DEPLOYMENT_TARGET = 16.0;
				LD_RUNPATH_SEARCH_PATHS = (
					"$(inherited)",
					"@executable_path/Frameworks",
				);
				MARKETING_VERSION = 1.0;
				PRODUCT_BUNDLE_IDENTIFIER = home.AffirmationsTestWork;
				PRODUCT_NAME = "$(TARGET_NAME)";
				SUPPORTED_PLATFORMS = "iphoneos iphonesimulator";
				SUPPORTS_MACCATALYST = NO;
				SUPPORTS_MAC_DESIGNED_FOR_IPHONE_IPAD = NO;
				SUPPORTS_XR_DESIGNED_FOR_IPHONE_IPAD = NO;
				SWIFT_EMIT_LOC_STRINGS = YES;
				SWIFT_VERSION = 5.0;
				TARGETED_DEVICE_FAMILY = "1,2";
			};
			name = Debug;
		};
		3027C94C2C5A35930078B585 /* Release */ = {
			isa = XCBuildConfiguration;
			buildSettings = {
				ASSETCATALOG_COMPILER_APPICON_NAME = AppIcon;
				ASSETCATALOG_COMPILER_GLOBAL_ACCENT_COLOR_NAME = AccentColor;
				CODE_SIGN_STYLE = Automatic;
				CURRENT_PROJECT_VERSION = 1;
				DEVELOPMENT_ASSET_PATHS = "\"AffirmationsTestWork/Preview Content\"";
				DEVELOPMENT_TEAM = AR6AN34RS9;
				ENABLE_PREVIEWS = YES;
				GENERATE_INFOPLIST_FILE = YES;
				INFOPLIST_KEY_UIApplicationSceneManifest_Generation = YES;
				INFOPLIST_KEY_UIApplicationSupportsIndirectInputEvents = YES;
				INFOPLIST_KEY_UILaunchScreen_Generation = YES;
				INFOPLIST_KEY_UISupportedInterfaceOrientations = UIInterfaceOrientationPortrait;
				INFOPLIST_KEY_UISupportedInterfaceOrientations_iPad = "UIInterfaceOrientationLandscapeLeft UIInterfaceOrientationLandscapeRight UIInterfaceOrientationPortrait UIInterfaceOrientationPortraitUpsideDown";
				IPHONEOS_DEPLOYMENT_TARGET = 16.0;
				LD_RUNPATH_SEARCH_PATHS = (
					"$(inherited)",
					"@executable_path/Frameworks",
				);
				MARKETING_VERSION = 1.0;
				PRODUCT_BUNDLE_IDENTIFIER = home.AffirmationsTestWork;
				PRODUCT_NAME = "$(TARGET_NAME)";
				SUPPORTED_PLATFORMS = "iphoneos iphonesimulator";
				SUPPORTS_MACCATALYST = NO;
				SUPPORTS_MAC_DESIGNED_FOR_IPHONE_IPAD = NO;
				SUPPORTS_XR_DESIGNED_FOR_IPHONE_IPAD = NO;
				SWIFT_EMIT_LOC_STRINGS = YES;
				SWIFT_VERSION = 5.0;
				TARGETED_DEVICE_FAMILY = "1,2";
			};
			name = Release;
		};
/* End XCBuildConfiguration section */

/* Begin XCConfigurationList section */
		3027C9372C5A35920078B585 /* Build configuration list for PBXProject "AffirmationsTestWork" */ = {
			isa = XCConfigurationList;
			buildConfigurations = (
				3027C9482C5A35930078B585 /* Debug */,
				3027C9492C5A35930078B585 /* Release */,
			);
			defaultConfigurationIsVisible = 0;
			defaultConfigurationName = Release;
		};
		3027C94A2C5A35930078B585 /* Build configuration list for PBXNativeTarget "AffirmationsTestWork" */ = {
			isa = XCConfigurationList;
			buildConfigurations = (
				3027C94B2C5A35930078B585 /* Debug */,
				3027C94C2C5A35930078B585 /* Release */,
			);
			defaultConfigurationIsVisible = 0;
			defaultConfigurationName = Release;
		};
/* End XCConfigurationList section */
	};
	rootObject = 3027C9342C5A35920078B585 /* Project object */;
}
